// !$*UTF8*$!
{
	archiveVersion = 1;
	classes = {
	};
	objectVersion = 46;
	objects = {

/* Begin PBXBuildFile section */
		B809B5B11B7AFC8C00468E94 /* AppDelegate.swift in Sources */ = {isa = PBXBuildFile; fileRef = B809B5B01B7AFC8C00468E94 /* AppDelegate.swift */; };
		B809B5B41B7AFC8C00468E94 /* CityPicker.xcdatamodeld in Sources */ = {isa = PBXBuildFile; fileRef = B809B5B21B7AFC8C00468E94 /* CityPicker.xcdatamodeld */; };
		B809B5B61B7AFC8C00468E94 /* ViewController.swift in Sources */ = {isa = PBXBuildFile; fileRef = B809B5B51B7AFC8C00468E94 /* ViewController.swift */; };
		B809B5B91B7AFC8C00468E94 /* Main.storyboard in Resources */ = {isa = PBXBuildFile; fileRef = B809B5B71B7AFC8C00468E94 /* Main.storyboard */; };
		B809B5BB1B7AFC8C00468E94 /* Images.xcassets in Resources */ = {isa = PBXBuildFile; fileRef = B809B5BA1B7AFC8C00468E94 /* Images.xcassets */; };
		B809B5BE1B7AFC8C00468E94 /* LaunchScreen.xib in Resources */ = {isa = PBXBuildFile; fileRef = B809B5BC1B7AFC8C00468E94 /* LaunchScreen.xib */; };
		B809B5CA1B7AFC8C00468E94 /* CityPickerTests.swift in Sources */ = {isa = PBXBuildFile; fileRef = B809B5C91B7AFC8C00468E94 /* CityPickerTests.swift */; };
/* End PBXBuildFile section */

/* Begin PBXContainerItemProxy section */
		B809B5C41B7AFC8C00468E94 /* PBXContainerItemProxy */ = {
			isa = PBXContainerItemProxy;
			containerPortal = B809B5A31B7AFC8C00468E94 /* Project object */;
			proxyType = 1;
			remoteGlobalIDString = B809B5AA1B7AFC8C00468E94;
			remoteInfo = CityPicker;
		};
/* End PBXContainerItemProxy section */

/* Begin PBXFileReference section */
		B809B5AB1B7AFC8C00468E94 /* CityPicker.app */ = {isa = PBXFileReference; explicitFileType = wrapper.application; includeInIndex = 0; path = CityPicker.app; sourceTree = BUILT_PRODUCTS_DIR; };
		B809B5AF1B7AFC8C00468E94 /* Info.plist */ = {isa = PBXFileReference; lastKnownFileType = text.plist.xml; path = Info.plist; sourceTree = "<group>"; };
		B809B5B01B7AFC8C00468E94 /* AppDelegate.swift */ = {isa = PBXFileReference; lastKnownFileType = sourcecode.swift; path = AppDelegate.swift; sourceTree = "<group>"; };
		B809B5B31B7AFC8C00468E94 /* CityPicker.xcdatamodel */ = {isa = PBXFileReference; lastKnownFileType = wrapper.xcdatamodel; path = CityPicker.xcdatamodel; sourceTree = "<group>"; };
		B809B5B51B7AFC8C00468E94 /* ViewController.swift */ = {isa = PBXFileReference; lastKnownFileType = sourcecode.swift; path = ViewController.swift; sourceTree = "<group>"; };
		B809B5B81B7AFC8C00468E94 /* Base */ = {isa = PBXFileReference; lastKnownFileType = file.storyboard; name = Base; path = Base.lproj/Main.storyboard; sourceTree = "<group>"; };
		B809B5BA1B7AFC8C00468E94 /* Images.xcassets */ = {isa = PBXFileReference; lastKnownFileType = folder.assetcatalog; path = Images.xcassets; sourceTree = "<group>"; };
		B809B5BD1B7AFC8C00468E94 /* Base */ = {isa = PBXFileReference; lastKnownFileType = file.xib; name = Base; path = Base.lproj/LaunchScreen.xib; sourceTree = "<group>"; };
		B809B5C31B7AFC8C00468E94 /* CityPickerTests.xctest */ = {isa = PBXFileReference; explicitFileType = wrapper.cfbundle; includeInIndex = 0; path = CityPickerTests.xctest; sourceTree = BUILT_PRODUCTS_DIR; };
		B809B5C81B7AFC8C00468E94 /* Info.plist */ = {isa = PBXFileReference; lastKnownFileType = text.plist.xml; path = Info.plist; sourceTree = "<group>"; };
		B809B5C91B7AFC8C00468E94 /* CityPickerTests.swift */ = {isa = PBXFileReference; lastKnownFileType = sourcecode.swift; path = CityPickerTests.swift; sourceTree = "<group>"; };
/* End PBXFileReference section */

/* Begin PBXFrameworksBuildPhase section */
		B809B5A81B7AFC8C00468E94 /* Frameworks */ = {
			isa = PBXFrameworksBuildPhase;
			buildActionMask = 2147483647;
			files = (
			);
			runOnlyForDeploymentPostprocessing = 0;
		};
		B809B5C01B7AFC8C00468E94 /* Frameworks */ = {
			isa = PBXFrameworksBuildPhase;
			buildActionMask = 2147483647;
			files = (
			);
			runOnlyForDeploymentPostprocessing = 0;
		};
/* End PBXFrameworksBuildPhase section */

/* Begin PBXGroup section */
		B809B5A21B7AFC8C00468E94 = {
			isa = PBXGroup;
			children = (
				B809B5AD1B7AFC8C00468E94 /* CityPicker */,
				B809B5C61B7AFC8C00468E94 /* CityPickerTests */,
				B809B5AC1B7AFC8C00468E94 /* Products */,
			);
			sourceTree = "<group>";
		};
		B809B5AC1B7AFC8C00468E94 /* Products */ = {
			isa = PBXGroup;
			children = (
				B809B5AB1B7AFC8C00468E94 /* CityPicker.app */,
				B809B5C31B7AFC8C00468E94 /* CityPickerTests.xctest */,
			);
			name = Products;
			sourceTree = "<group>";
		};
		B809B5AD1B7AFC8C00468E94 /* CityPicker */ = {
			isa = PBXGroup;
			children = (
				B809B5B01B7AFC8C00468E94 /* AppDelegate.swift */,
				B809B5B51B7AFC8C00468E94 /* ViewController.swift */,
				B809B5B71B7AFC8C00468E94 /* Main.storyboard */,
				B809B5BA1B7AFC8C00468E94 /* Images.xcassets */,
				B809B5BC1B7AFC8C00468E94 /* LaunchScreen.xib */,
				B809B5B21B7AFC8C00468E94 /* CityPicker.xcdatamodeld */,
				B809B5AE1B7AFC8C00468E94 /* Supporting Files */,
			);
			path = CityPicker;
			sourceTree = "<group>";
		};
		B809B5AE1B7AFC8C00468E94 /* Supporting Files */ = {
			isa = PBXGroup;
			children = (
				B809B5AF1B7AFC8C00468E94 /* Info.plist */,
			);
			name = "Supporting Files";
			sourceTree = "<group>";
		};
		B809B5C61B7AFC8C00468E94 /* CityPickerTests */ = {
			isa = PBXGroup;
			children = (
				B809B5C91B7AFC8C00468E94 /* CityPickerTests.swift */,
				B809B5C71B7AFC8C00468E94 /* Supporting Files */,
			);
			path = CityPickerTests;
			sourceTree = "<group>";
		};
		B809B5C71B7AFC8C00468E94 /* Supporting Files */ = {
			isa = PBXGroup;
			children = (
				B809B5C81B7AFC8C00468E94 /* Info.plist */,
			);
			name = "Supporting Files";
			sourceTree = "<group>";
		};
/* End PBXGroup section */

/* Begin PBXNativeTarget section */
		B809B5AA1B7AFC8C00468E94 /* CityPicker */ = {
			isa = PBXNativeTarget;
			buildConfigurationList = B809B5CD1B7AFC8C00468E94 /* Build configuration list for PBXNativeTarget "CityPicker" */;
			buildPhases = (
				B809B5A71B7AFC8C00468E94 /* Sources */,
				B809B5A81B7AFC8C00468E94 /* Frameworks */,
				B809B5A91B7AFC8C00468E94 /* Resources */,
			);
			buildRules = (
			);
			dependencies = (
			);
			name = CityPicker;
			productName = CityPicker;
			productReference = B809B5AB1B7AFC8C00468E94 /* CityPicker.app */;
			productType = "com.apple.product-type.application";
		};
		B809B5C21B7AFC8C00468E94 /* CityPickerTests */ = {
			isa = PBXNativeTarget;
			buildConfigurationList = B809B5D01B7AFC8C00468E94 /* Build configuration list for PBXNativeTarget "CityPickerTests" */;
			buildPhases = (
				B809B5BF1B7AFC8C00468E94 /* Sources */,
				B809B5C01B7AFC8C00468E94 /* Frameworks */,
				B809B5C11B7AFC8C00468E94 /* Resources */,
			);
			buildRules = (
			);
			dependencies = (
				B809B5C51B7AFC8C00468E94 /* PBXTargetDependency */,
			);
			name = CityPickerTests;
			productName = CityPickerTests;
			productReference = B809B5C31B7AFC8C00468E94 /* CityPickerTests.xctest */;
			productType = "com.apple.product-type.bundle.unit-test";
		};
/* End PBXNativeTarget section */

/* Begin PBXProject section */
		B809B5A31B7AFC8C00468E94 /* Project object */ = {
			isa = PBXProject;
			attributes = {
				LastUpgradeCheck = 0640;
				ORGANIZATIONNAME = "郭嘉";
				TargetAttributes = {
					B809B5AA1B7AFC8C00468E94 = {
						CreatedOnToolsVersion = 6.4;
					};
					B809B5C21B7AFC8C00468E94 = {
						CreatedOnToolsVersion = 6.4;
						TestTargetID = B809B5AA1B7AFC8C00468E94;
					};
				};
			};
			buildConfigurationList = B809B5A61B7AFC8C00468E94 /* Build configuration list for PBXProject "CityPicker" */;
			compatibilityVersion = "Xcode 3.2";
			developmentRegion = English;
			hasScannedForEncodings = 0;
			knownRegions = (
				en,
				Base,
			);
			mainGroup = B809B5A21B7AFC8C00468E94;
			productRefGroup = B809B5AC1B7AFC8C00468E94 /* Products */;
			projectDirPath = "";
			projectRoot = "";
			targets = (
				B809B5AA1B7AFC8C00468E94 /* CityPicker */,
				B809B5C21B7AFC8C00468E94 /* CityPickerTests */,
			);
		};
/* End PBXProject section */

/* Begin PBXResourcesBuildPhase section */
		B809B5A91B7AFC8C00468E94 /* Resources */ = {
			isa = PBXResourcesBuildPhase;
			buildActionMask = 2147483647;
			files = (
				B809B5B91B7AFC8C00468E94 /* Main.storyboard in Resources */,
				B809B5BE1B7AFC8C00468E94 /* LaunchScreen.xib in Resources */,
				B809B5BB1B7AFC8C00468E94 /* Images.xcassets in Resources */,
			);
			runOnlyForDeploymentPostprocessing = 0;
		};
		B809B5C11B7AFC8C00468E94 /* Resources */ = {
			isa = PBXResourcesBuildPhase;
			buildActionMask = 2147483647;
			files = (
			);
			runOnlyForDeploymentPostprocessing = 0;
		};
/* End PBXResourcesBuildPhase section */

/* Begin PBXSourcesBuildPhase section */
		B809B5A71B7AFC8C00468E94 /* Sources */ = {
			isa = PBXSourcesBuildPhase;
			buildActionMask = 2147483647;
			files = (
				B809B5B61B7AFC8C00468E94 /* ViewController.swift in Sources */,
				B809B5B41B7AFC8C00468E94 /* CityPicker.xcdatamodeld in Sources */,
				B809B5B11B7AFC8C00468E94 /* AppDelegate.swift in Sources */,
			);
			runOnlyForDeploymentPostprocessing = 0;
		};
		B809B5BF1B7AFC8C00468E94 /* Sources */ = {
			isa = PBXSourcesBuildPhase;
			buildActionMask = 2147483647;
			files = (
				B809B5CA1B7AFC8C00468E94 /* CityPickerTests.swift in Sources */,
			);
			runOnlyForDeploymentPostprocessing = 0;
		};
/* End PBXSourcesBuildPhase section */

/* Begin PBXTargetDependency section */
		B809B5C51B7AFC8C00468E94 /* PBXTargetDependency */ = {
			isa = PBXTargetDependency;
			target = B809B5AA1B7AFC8C00468E94 /* CityPicker */;
			targetProxy = B809B5C41B7AFC8C00468E94 /* PBXContainerItemProxy */;
		};
/* End PBXTargetDependency section */

/* Begin PBXVariantGroup section */
		B809B5B71B7AFC8C00468E94 /* Main.storyboard */ = {
			isa = PBXVariantGroup;
			children = (
				B809B5B81B7AFC8C00468E94 /* Base */,
			);
			name = Main.storyboard;
			sourceTree = "<group>";
		};
		B809B5BC1B7AFC8C00468E94 /* LaunchScreen.xib */ = {
			isa = PBXVariantGroup;
			children = (
				B809B5BD1B7AFC8C00468E94 /* Base */,
			);
			name = LaunchScreen.xib;
			sourceTree = "<group>";
		};
/* End PBXVariantGroup section */

/* Begin XCBuildConfiguration section */
		B809B5CB1B7AFC8C00468E94 /* Debug */ = {
			isa = XCBuildConfiguration;
			buildSettings = {
				ALWAYS_SEARCH_USER_PATHS = NO;
				CLANG_CXX_LANGUAGE_STANDARD = "gnu++0x";
				CLANG_CXX_LIBRARY = "libc++";
				CLANG_ENABLE_MODULES = YES;
				CLANG_ENABLE_OBJC_ARC = YES;
				CLANG_WARN_BOOL_CONVERSION = YES;
				CLANG_WARN_CONSTANT_CONVERSION = YES;
				CLANG_WARN_DIRECT_OBJC_ISA_USAGE = YES_ERROR;
				CLANG_WARN_EMPTY_BODY = YES;
				CLANG_WARN_ENUM_CONVERSION = YES;
				CLANG_WARN_INT_CONVERSION = YES;
				CLANG_WARN_OBJC_ROOT_CLASS = YES_ERROR;
				CLANG_WARN_UNREACHABLE_CODE = YES;
				CLANG_WARN__DUPLICATE_METHOD_MATCH = YES;
				"CODE_SIGN_IDENTITY[sdk=iphoneos*]" = "iPhone Developer";
				COPY_PHASE_STRIP = NO;
				DEBUG_INFORMATION_FORMAT = "dwarf-with-dsym";
				ENABLE_STRICT_OBJC_MSGSEND = YES;
				GCC_C_LANGUAGE_STANDARD = gnu99;
				GCC_DYNAMIC_NO_PIC = NO;
				GCC_NO_COMMON_BLOCKS = YES;
				GCC_OPTIMIZATION_LEVEL = 0;
				GCC_PREPROCESSOR_DEFINITIONS = (
					"DEBUG=1",
					"$(inherited)",
				);
				GCC_SYMBOLS_PRIVATE_EXTERN = NO;
				GCC_WARN_64_TO_32_BIT_CONVERSION = YES;
				GCC_WARN_ABOUT_RETURN_TYPE = YES_ERROR;
				GCC_WARN_UNDECLARED_SELECTOR = YES;
				GCC_WARN_UNINITIALIZED_AUTOS = YES_AGGRESSIVE;
				GCC_WARN_UNUSED_FUNCTION = YES;
				GCC_WARN_UNUSED_VARIABLE = YES;
				IPHONEOS_DEPLOYMENT_TARGET = 8.4;
				MTL_ENABLE_DEBUG_INFO = YES;
				ONLY_ACTIVE_ARCH = YES;
				SDKROOT = iphoneos;
				SWIFT_OPTIMIZATION_LEVEL = "-Onone";
			};
			name = Debug;
		};
		B809B5CC1B7AFC8C00468E94 /* Release */ = {
			isa = XCBuildConfiguration;
			buildSettings = {
				ALWAYS_SEARCH_USER_PATHS = NO;
				CLANG_CXX_LANGUAGE_STANDARD = "gnu++0x";
				CLANG_CXX_LIBRARY = "libc++";
				CLANG_ENABLE_MODULES = YES;
				CLANG_ENABLE_OBJC_ARC = YES;
				CLANG_WARN_BOOL_CONVERSION = YES;
				CLANG_WARN_CONSTANT_CONVERSION = YES;
				CLANG_WARN_DIRECT_OBJC_ISA_USAGE = YES_ERROR;
				CLANG_WARN_EMPTY_BODY = YES;
				CLANG_WARN_ENUM_CONVERSION = YES;
				CLANG_WARN_INT_CONVERSION = YES;
				CLANG_WARN_OBJC_ROOT_CLASS = YES_ERROR;
				CLANG_WARN_UNREACHABLE_CODE = YES;
				CLANG_WARN__DUPLICATE_METHOD_MATCH = YES;
				"CODE_SIGN_IDENTITY[sdk=iphoneos*]" = "iPhone Developer";
				COPY_PHASE_STRIP = NO;
				DEBUG_INFORMATION_FORMAT = "dwarf-with-dsym";
				ENABLE_NS_ASSERTIONS = NO;
				ENABLE_STRICT_OBJC_MSGSEND = YES;
				GCC_C_LANGUAGE_STANDARD = gnu99;
				GCC_NO_COMMON_BLOCKS = YES;
				GCC_WARN_64_TO_32_BIT_CONVERSION = YES;
				GCC_WARN_ABOUT_RETURN_TYPE = YES_ERROR;
				GCC_WARN_UNDECLARED_SELECTOR = YES;
				GCC_WARN_UNINITIALIZED_AUTOS = YES_AGGRESSIVE;
				GCC_WARN_UNUSED_FUNCTION = YES;
				GCC_WARN_UNUSED_VARIABLE = YES;
				IPHONEOS_DEPLOYMENT_TARGET = 8.4;
				MTL_ENABLE_DEBUG_INFO = NO;
				SDKROOT = iphoneos;
				VALIDATE_PRODUCT = YES;
			};
			name = Release;
		};
		B809B5CE1B7AFC8C00468E94 /* Debug */ = {
			isa = XCBuildConfiguration;
			buildSettings = {
				ASSETCATALOG_COMPILER_APPICON_NAME = AppIcon;
				INFOPLIST_FILE = CityPicker/Info.plist;
				LD_RUNPATH_SEARCH_PATHS = "$(inherited) @executable_path/Frameworks";
				PRODUCT_NAME = "$(TARGET_NAME)";
			};
			name = Debug;
		};
		B809B5CF1B7AFC8C00468E94 /* Release */ = {
			isa = XCBuildConfiguration;
			buildSettings = {
				ASSETCATALOG_COMPILER_APPICON_NAME = AppIcon;
				INFOPLIST_FILE = CityPicker/Info.plist;
				LD_RUNPATH_SEARCH_PATHS = "$(inherited) @executable_path/Frameworks";
				PRODUCT_NAME = "$(TARGET_NAME)";
			};
			name = Release;
		};
		B809B5D11B7AFC8C00468E94 /* Debug */ = {
			isa = XCBuildConfiguration;
			buildSettings = {
				BUNDLE_LOADER = "$(TEST_HOST)";
				FRAMEWORK_SEARCH_PATHS = (
					"$(SDKROOT)/Developer/Library/Frameworks",
					"$(inherited)",
				);
				GCC_PREPROCESSOR_DEFINITIONS = (
					"DEBUG=1",
					"$(inherited)",
				);
				INFOPLIST_FILE = CityPickerTests/Info.plist;
				LD_RUNPATH_SEARCH_PATHS = "$(inherited) @executable_path/Frameworks @loader_path/Frameworks";
				PRODUCT_NAME = "$(TARGET_NAME)";
				TEST_HOST = "$(BUILT_PRODUCTS_DIR)/CityPicker.app/CityPicker";
			};
			name = Debug;
		};
		B809B5D21B7AFC8C00468E94 /* Release */ = {
			isa = XCBuildConfiguration;
			buildSettings = {
				BUNDLE_LOADER = "$(TEST_HOST)";
				FRAMEWORK_SEARCH_PATHS = (
					"$(SDKROOT)/Developer/Library/Frameworks",
					"$(inherited)",
				);
				INFOPLIST_FILE = CityPickerTests/Info.plist;
				LD_RUNPATH_SEARCH_PATHS = "$(inherited) @executable_path/Frameworks @loader_path/Frameworks";
				PRODUCT_NAME = "$(TARGET_NAME)";
				TEST_HOST = "$(BUILT_PRODUCTS_DIR)/CityPicker.app/CityPicker";
			};
			name = Release;
		};
/* End XCBuildConfiguration section */

/* Begin XCConfigurationList section */
		B809B5A61B7AFC8C00468E94 /* Build configuration list for PBXProject "CityPicker" */ = {
			isa = XCConfigurationList;
			buildConfigurations = (
				B809B5CB1B7AFC8C00468E94 /* Debug */,
				B809B5CC1B7AFC8C00468E94 /* Release */,
			);
			defaultConfigurationIsVisible = 0;
			defaultConfigurationName = Release;
		};
		B809B5CD1B7AFC8C00468E94 /* Build configuration list for PBXNativeTarget "CityPicker" */ = {
			isa = XCConfigurationList;
			buildConfigurations = (
				B809B5CE1B7AFC8C00468E94 /* Debug */,
				B809B5CF1B7AFC8C00468E94 /* Release */,
			);
			defaultConfigurationIsVisible = 0;
		};
		B809B5D01B7AFC8C00468E94 /* Build configuration list for PBXNativeTarget "CityPickerTests" */ = {
			isa = XCConfigurationList;
			buildConfigurations = (
				B809B5D11B7AFC8C00468E94 /* Debug */,
				B809B5D21B7AFC8C00468E94 /* Release */,
			);
			defaultConfigurationIsVisible = 0;
		};
/* End XCConfigurationList section */

/* Begin XCVersionGroup section */
		B809B5B21B7AFC8C00468E94 /* CityPicker.xcdatamodeld */ = {
			isa = XCVersionGroup;
			children = (
				B809B5B31B7AFC8C00468E94 /* CityPicker.xcdatamodel */,
			);
			currentVersion = B809B5B31B7AFC8C00468E94 /* CityPicker.xcdatamodel */;
			path = CityPicker.xcdatamodeld;
			sourceTree = "<group>";
			versionGroupType = wrapper.xcdatamodel;
		};
/* End XCVersionGroup section */
	};
	rootObject = B809B5A31B7AFC8C00468E94 /* Project object */;
}
